
Microsoft Visual Studio Solution File, Format Version 12.00
# Visual Studio Version 16
VisualStudioVersion = 16.0.30413.136
MinimumVisualStudioVersion = 10.0.40219.1
Project("{F184B08F-C81C-45F6-A57F-5ABD9991F28F}") = "Lab 2", "Lab 2\Lab 2.vbproj", "{C9E59476-046D-4003-884F-518C41CDD293}"
EndProject
Global
	GlobalSection(SolutionConfigurationPlatforms) = preSolution
		Debug|Any CPU = Debug|Any CPU
		Release|Any CPU = Release|Any CPU
	EndGlobalSection
	GlobalSection(ProjectConfigurationPlatforms) = postSolution
		{C9E59476-046D-4003-884F-518C41CDD293}.Debug|Any CPU.ActiveCfg = Debug|Any CPU
		{C9E59476-046D-4003-884F-518C41CDD293}.Debug|Any CPU.Build.0 = Debug|Any CPU
		{C9E59476-046D-4003-884F-518C41CDD293}.Release|Any CPU.ActiveCfg = Release|Any CPU
		{C9E59476-046D-4003-884F-518C41CDD293}.Release|Any CPU.Build.0 = Release|Any CPU
	EndGlobalSection
	GlobalSection(SolutionProperties) = preSolution
		HideSolutionNode = FALSE
	EndGlobalSection
	GlobalSection(ExtensibilityGlobals) = postSolution
		SolutionGuid = {23A0D499-CC6E-4FFC-933D-C588D25A084C}
	EndGlobalSection
EndGlobal
